
Microsoft Visual Studio Solution File, Format Version 12.00
# Visual Studio 15
VisualStudioVersion = 15.0.27428.2011
MinimumVisualStudioVersion = 10.0.40219.1
Project("{FAE04EC0-301F-11D3-BF4B-00C04F79EFBC}") = "Meditatii.Web", "meditatii\Meditatii.Web.csproj", "{7B57C4B6-FBEC-4E17-8799-936B681B31A4}"
EndProject
Project("{FAE04EC0-301F-11D3-BF4B-00C04F79EFBC}") = "Meditatii.Data", "Meditatii.Data\Meditatii.Data.csproj", "{0223C4D3-27E9-4F23-BB34-2824323AC432}"
EndProject
Project("{FAE04EC0-301F-11D3-BF4B-00C04F79EFBC}") = "Meditatii.Services", "Meditatii.Services\Meditatii.Services.csproj", "{E8B09DCF-043C-46CE-837A-E55C09AB1336}"
EndProject
Project("{FAE04EC0-301F-11D3-BF4B-00C04F79EFBC}") = "Meditatii.Core", "Meditatii.Core\Meditatii.Core.csproj", "{711CC29E-9F7D-453F-AF12-3E8D7A4DA5F0}"
EndProject
Global
	GlobalSection(SolutionConfigurationPlatforms) = preSolution
		Debug|Any CPU = Debug|Any CPU
		Release|Any CPU = Release|Any CPU
	EndGlobalSection
	GlobalSection(ProjectConfigurationPlatforms) = postSolution
		{7B57C4B6-FBEC-4E17-8799-936B681B31A4}.Debug|Any CPU.ActiveCfg = Debug|Any CPU
		{7B57C4B6-FBEC-4E17-8799-936B681B31A4}.Debug|Any CPU.Build.0 = Debug|Any CPU
		{7B57C4B6-FBEC-4E17-8799-936B681B31A4}.Release|Any CPU.ActiveCfg = Release|Any CPU
		{7B57C4B6-FBEC-4E17-8799-936B681B31A4}.Release|Any CPU.Build.0 = Release|Any CPU
		{0223C4D3-27E9-4F23-BB34-2824323AC432}.Debug|Any CPU.ActiveCfg = Debug|Any CPU
		{0223C4D3-27E9-4F23-BB34-2824323AC432}.Debug|Any CPU.Build.0 = Debug|Any CPU
		{0223C4D3-27E9-4F23-BB34-2824323AC432}.Release|Any CPU.ActiveCfg = Release|Any CPU
		{0223C4D3-27E9-4F23-BB34-2824323AC432}.Release|Any CPU.Build.0 = Release|Any CPU
		{E8B09DCF-043C-46CE-837A-E55C09AB1336}.Debug|Any CPU.ActiveCfg = Debug|Any CPU
		{E8B09DCF-043C-46CE-837A-E55C09AB1336}.Debug|Any CPU.Build.0 = Debug|Any CPU
		{E8B09DCF-043C-46CE-837A-E55C09AB1336}.Release|Any CPU.ActiveCfg = Release|Any CPU
		{E8B09DCF-043C-46CE-837A-E55C09AB1336}.Release|Any CPU.Build.0 = Release|Any CPU
		{711CC29E-9F7D-453F-AF12-3E8D7A4DA5F0}.Debug|Any CPU.ActiveCfg = Debug|Any CPU
		{711CC29E-9F7D-453F-AF12-3E8D7A4DA5F0}.Debug|Any CPU.Build.0 = Debug|Any CPU
		{711CC29E-9F7D-453F-AF12-3E8D7A4DA5F0}.Release|Any CPU.ActiveCfg = Release|Any CPU
		{711CC29E-9F7D-453F-AF12-3E8D7A4DA5F0}.Release|Any CPU.Build.0 = Release|Any CPU
	EndGlobalSection
	GlobalSection(SolutionProperties) = preSolution
		HideSolutionNode = FALSE
	EndGlobalSection
	GlobalSection(ExtensibilityGlobals) = postSolution
		SolutionGuid = {A2993D21-750A-47E4-8AC5-07BDEF4C07C2}
	EndGlobalSection
EndGlobal
